
Microsoft Visual Studio Solution File, Format Version 12.00
Project("{FAE04EC0-301F-11D3-BF4B-00C04F79EFBC}") = "Magnetostatics", "Magnetostatics.csproj", "{285056D4-749A-4174-A651-BC2B033AB63B}"
EndProject
Global
	GlobalSection(SolutionConfigurationPlatforms) = preSolution
		Debug|Any CPU = Debug|Any CPU
		Release|Any CPU = Release|Any CPU
	EndGlobalSection
	GlobalSection(ProjectConfigurationPlatforms) = postSolution
		{285056D4-749A-4174-A651-BC2B033AB63B}.Debug|Any CPU.ActiveCfg = Debug|Any CPU
		{285056D4-749A-4174-A651-BC2B033AB63B}.Debug|Any CPU.Build.0 = Debug|Any CPU
		{285056D4-749A-4174-A651-BC2B033AB63B}.Release|Any CPU.ActiveCfg = Release|Any CPU
		{285056D4-749A-4174-A651-BC2B033AB63B}.Release|Any CPU.Build.0 = Release|Any CPU
	EndGlobalSection
EndGlobal
